// !$*UTF8*$!
{
	archiveVersion = 1;
	classes = {
	};
	objectVersion = 50;
	objects = {

/* Begin PBXBuildFile section */
		5315D383229A3C5D007D31C4 /* AppDelegate.swift in Sources */ = {isa = PBXBuildFile; fileRef = 5315D382229A3C5D007D31C4 /* AppDelegate.swift */; };
		5315D385229A3C5D007D31C4 /* ViewController.swift in Sources */ = {isa = PBXBuildFile; fileRef = 5315D384229A3C5D007D31C4 /* ViewController.swift */; };
		5315D388229A3C5D007D31C4 /* Main.storyboard in Resources */ = {isa = PBXBuildFile; fileRef = 5315D386229A3C5D007D31C4 /* Main.storyboard */; };
		5315D38B229A3C5D007D31C4 /* rumi.xcdatamodeld in Sources */ = {isa = PBXBuildFile; fileRef = 5315D389229A3C5D007D31C4 /* rumi.xcdatamodeld */; };
		5315D38D229A3C5F007D31C4 /* Assets.xcassets in Resources */ = {isa = PBXBuildFile; fileRef = 5315D38C229A3C5F007D31C4 /* Assets.xcassets */; };
		5315D390229A3C5F007D31C4 /* LaunchScreen.storyboard in Resources */ = {isa = PBXBuildFile; fileRef = 5315D38E229A3C5F007D31C4 /* LaunchScreen.storyboard */; };
		5315D39B229A3C5F007D31C4 /* rumiTests.swift in Sources */ = {isa = PBXBuildFile; fileRef = 5315D39A229A3C5F007D31C4 /* rumiTests.swift */; };
		5315D3A6229A3C5F007D31C4 /* rumiUITests.swift in Sources */ = {isa = PBXBuildFile; fileRef = 5315D3A5229A3C5F007D31C4 /* rumiUITests.swift */; };
/* End PBXBuildFile section */

/* Begin PBXContainerItemProxy section */
		5315D397229A3C5F007D31C4 /* PBXContainerItemProxy */ = {
			isa = PBXContainerItemProxy;
			containerPortal = 5315D377229A3C5D007D31C4 /* Project object */;
			proxyType = 1;
			remoteGlobalIDString = 5315D37E229A3C5D007D31C4;
			remoteInfo = rumi;
		};
		5315D3A2229A3C5F007D31C4 /* PBXContainerItemProxy */ = {
			isa = PBXContainerItemProxy;
			containerPortal = 5315D377229A3C5D007D31C4 /* Project object */;
			proxyType = 1;
			remoteGlobalIDString = 5315D37E229A3C5D007D31C4;
			remoteInfo = rumi;
		};
/* End PBXContainerItemProxy section */

/* Begin PBXFileReference section */
		5315D37F229A3C5D007D31C4 /* rumi.app */ = {isa = PBXFileReference; explicitFileType = wrapper.application; includeInIndex = 0; path = rumi.app; sourceTree = BUILT_PRODUCTS_DIR; };
		5315D382229A3C5D007D31C4 /* AppDelegate.swift */ = {isa = PBXFileReference; lastKnownFileType = sourcecode.swift; path = AppDelegate.swift; sourceTree = "<group>"; };
		5315D384229A3C5D007D31C4 /* ViewController.swift */ = {isa = PBXFileReference; lastKnownFileType = sourcecode.swift; path = ViewController.swift; sourceTree = "<group>"; };
		5315D387229A3C5D007D31C4 /* Base */ = {isa = PBXFileReference; lastKnownFileType = file.storyboard; name = Base; path = Base.lproj/Main.storyboard; sourceTree = "<group>"; };
		5315D38A229A3C5D007D31C4 /* rumi.xcdatamodel */ = {isa = PBXFileReference; lastKnownFileType = wrapper.xcdatamodel; path = rumi.xcdatamodel; sourceTree = "<group>"; };
		5315D38C229A3C5F007D31C4 /* Assets.xcassets */ = {isa = PBXFileReference; lastKnownFileType = folder.assetcatalog; path = Assets.xcassets; sourceTree = "<group>"; };
		5315D38F229A3C5F007D31C4 /* Base */ = {isa = PBXFileReference; lastKnownFileType = file.storyboard; name = Base; path = Base.lproj/LaunchScreen.storyboard; sourceTree = "<group>"; };
		5315D391229A3C5F007D31C4 /* Info.plist */ = {isa = PBXFileReference; lastKnownFileType = text.plist.xml; path = Info.plist; sourceTree = "<group>"; };
		5315D396229A3C5F007D31C4 /* rumiTests.xctest */ = {isa = PBXFileReference; explicitFileType = wrapper.cfbundle; includeInIndex = 0; path = rumiTests.xctest; sourceTree = BUILT_PRODUCTS_DIR; };
		5315D39A229A3C5F007D31C4 /* rumiTests.swift */ = {isa = PBXFileReference; lastKnownFileType = sourcecode.swift; path = rumiTests.swift; sourceTree = "<group>"; };
		5315D39C229A3C5F007D31C4 /* Info.plist */ = {isa = PBXFileReference; lastKnownFileType = text.plist.xml; path = Info.plist; sourceTree = "<group>"; };
		5315D3A1229A3C5F007D31C4 /* rumiUITests.xctest */ = {isa = PBXFileReference; explicitFileType = wrapper.cfbundle; includeInIndex = 0; path = rumiUITests.xctest; sourceTree = BUILT_PRODUCTS_DIR; };
		5315D3A5229A3C5F007D31C4 /* rumiUITests.swift */ = {isa = PBXFileReference; lastKnownFileType = sourcecode.swift; path = rumiUITests.swift; sourceTree = "<group>"; };
		5315D3A7229A3C5F007D31C4 /* Info.plist */ = {isa = PBXFileReference; lastKnownFileType = text.plist.xml; path = Info.plist; sourceTree = "<group>"; };
/* End PBXFileReference section */

/* Begin PBXFrameworksBuildPhase section */
		5315D37C229A3C5D007D31C4 /* Frameworks */ = {
			isa = PBXFrameworksBuildPhase;
			buildActionMask = 2147483647;
			files = (
			);
			runOnlyForDeploymentPostprocessing = 0;
		};
		5315D393229A3C5F007D31C4 /* Frameworks */ = {
			isa = PBXFrameworksBuildPhase;
			buildActionMask = 2147483647;
			files = (
			);
			runOnlyForDeploymentPostprocessing = 0;
		};
		5315D39E229A3C5F007D31C4 /* Frameworks */ = {
			isa = PBXFrameworksBuildPhase;
			buildActionMask = 2147483647;
			files = (
			);
			runOnlyForDeploymentPostprocessing = 0;
		};
/* End PBXFrameworksBuildPhase section */

/* Begin PBXGroup section */
		5315D376229A3C5D007D31C4 = {
			isa = PBXGroup;
			children = (
				5315D381229A3C5D007D31C4 /* rumi */,
				5315D399229A3C5F007D31C4 /* rumiTests */,
				5315D3A4229A3C5F007D31C4 /* rumiUITests */,
				5315D380229A3C5D007D31C4 /* Products */,
			);
			sourceTree = "<group>";
		};
		5315D380229A3C5D007D31C4 /* Products */ = {
			isa = PBXGroup;
			children = (
				5315D37F229A3C5D007D31C4 /* rumi.app */,
				5315D396229A3C5F007D31C4 /* rumiTests.xctest */,
				5315D3A1229A3C5F007D31C4 /* rumiUITests.xctest */,
			);
			name = Products;
			sourceTree = "<group>";
		};
		5315D381229A3C5D007D31C4 /* rumi */ = {
			isa = PBXGroup;
			children = (
				5315D382229A3C5D007D31C4 /* AppDelegate.swift */,
				5315D384229A3C5D007D31C4 /* ViewController.swift */,
				5315D386229A3C5D007D31C4 /* Main.storyboard */,
				5315D38C229A3C5F007D31C4 /* Assets.xcassets */,
				5315D38E229A3C5F007D31C4 /* LaunchScreen.storyboard */,
				5315D391229A3C5F007D31C4 /* Info.plist */,
				5315D389229A3C5D007D31C4 /* rumi.xcdatamodeld */,
			);
			path = rumi;
			sourceTree = "<group>";
		};
		5315D399229A3C5F007D31C4 /* rumiTests */ = {
			isa = PBXGroup;
			children = (
				5315D39A229A3C5F007D31C4 /* rumiTests.swift */,
				5315D39C229A3C5F007D31C4 /* Info.plist */,
			);
			path = rumiTests;
			sourceTree = "<group>";
		};
		5315D3A4229A3C5F007D31C4 /* rumiUITests */ = {
			isa = PBXGroup;
			children = (
				5315D3A5229A3C5F007D31C4 /* rumiUITests.swift */,
				5315D3A7229A3C5F007D31C4 /* Info.plist */,
			);
			path = rumiUITests;
			sourceTree = "<group>";
		};
/* End PBXGroup section */

/* Begin PBXNativeTarget section */
		5315D37E229A3C5D007D31C4 /* rumi */ = {
			isa = PBXNativeTarget;
			buildConfigurationList = 5315D3AA229A3C5F007D31C4 /* Build configuration list for PBXNativeTarget "rumi" */;
			buildPhases = (
				5315D37B229A3C5D007D31C4 /* Sources */,
				5315D37C229A3C5D007D31C4 /* Frameworks */,
				5315D37D229A3C5D007D31C4 /* Resources */,
			);
			buildRules = (
			);
			dependencies = (
			);
			name = rumi;
			productName = rumi;
			productReference = 5315D37F229A3C5D007D31C4 /* rumi.app */;
			productType = "com.apple.product-type.application";
		};
		5315D395229A3C5F007D31C4 /* rumiTests */ = {
			isa = PBXNativeTarget;
			buildConfigurationList = 5315D3AD229A3C5F007D31C4 /* Build configuration list for PBXNativeTarget "rumiTests" */;
			buildPhases = (
				5315D392229A3C5F007D31C4 /* Sources */,
				5315D393229A3C5F007D31C4 /* Frameworks */,
				5315D394229A3C5F007D31C4 /* Resources */,
			);
			buildRules = (
			);
			dependencies = (
				5315D398229A3C5F007D31C4 /* PBXTargetDependency */,
			);
			name = rumiTests;
			productName = rumiTests;
			productReference = 5315D396229A3C5F007D31C4 /* rumiTests.xctest */;
			productType = "com.apple.product-type.bundle.unit-test";
		};
		5315D3A0229A3C5F007D31C4 /* rumiUITests */ = {
			isa = PBXNativeTarget;
			buildConfigurationList = 5315D3B0229A3C5F007D31C4 /* Build configuration list for PBXNativeTarget "rumiUITests" */;
			buildPhases = (
				5315D39D229A3C5F007D31C4 /* Sources */,
				5315D39E229A3C5F007D31C4 /* Frameworks */,
				5315D39F229A3C5F007D31C4 /* Resources */,
			);
			buildRules = (
			);
			dependencies = (
				5315D3A3229A3C5F007D31C4 /* PBXTargetDependency */,
			);
			name = rumiUITests;
			productName = rumiUITests;
			productReference = 5315D3A1229A3C5F007D31C4 /* rumiUITests.xctest */;
			productType = "com.apple.product-type.bundle.ui-testing";
		};
/* End PBXNativeTarget section */

/* Begin PBXProject section */
		5315D377229A3C5D007D31C4 /* Project object */ = {
			isa = PBXProject;
			attributes = {
				LastSwiftUpdateCheck = 1000;
				LastUpgradeCheck = 1000;
				ORGANIZATIONNAME = Rafael;
				TargetAttributes = {
					5315D37E229A3C5D007D31C4 = {
						CreatedOnToolsVersion = 10.0;
					};
					5315D395229A3C5F007D31C4 = {
						CreatedOnToolsVersion = 10.0;
						TestTargetID = 5315D37E229A3C5D007D31C4;
					};
					5315D3A0229A3C5F007D31C4 = {
						CreatedOnToolsVersion = 10.0;
						TestTargetID = 5315D37E229A3C5D007D31C4;
					};
				};
			};
			buildConfigurationList = 5315D37A229A3C5D007D31C4 /* Build configuration list for PBXProject "rumi" */;
			compatibilityVersion = "Xcode 9.3";
			developmentRegion = en;
			hasScannedForEncodings = 0;
			knownRegions = (
				en,
				Base,
			);
			mainGroup = 5315D376229A3C5D007D31C4;
			productRefGroup = 5315D380229A3C5D007D31C4 /* Products */;
			projectDirPath = "";
			projectRoot = "";
			targets = (
				5315D37E229A3C5D007D31C4 /* rumi */,
				5315D395229A3C5F007D31C4 /* rumiTests */,
				5315D3A0229A3C5F007D31C4 /* rumiUITests */,
			);
		};
/* End PBXProject section */

/* Begin PBXResourcesBuildPhase section */
		5315D37D229A3C5D007D31C4 /* Resources */ = {
			isa = PBXResourcesBuildPhase;
			buildActionMask = 2147483647;
			files = (
				5315D390229A3C5F007D31C4 /* LaunchScreen.storyboard in Resources */,
				5315D38D229A3C5F007D31C4 /* Assets.xcassets in Resources */,
				5315D388229A3C5D007D31C4 /* Main.storyboard in Resources */,
			);
			runOnlyForDeploymentPostprocessing = 0;
		};
		5315D394229A3C5F007D31C4 /* Resources */ = {
			isa = PBXResourcesBuildPhase;
			buildActionMask = 2147483647;
			files = (
			);
			runOnlyForDeploymentPostprocessing = 0;
		};
		5315D39F229A3C5F007D31C4 /* Resources */ = {
			isa = PBXResourcesBuildPhase;
			buildActionMask = 2147483647;
			files = (
			);
			runOnlyForDeploymentPostprocessing = 0;
		};
/* End PBXResourcesBuildPhase section */

/* Begin PBXSourcesBuildPhase section */
		5315D37B229A3C5D007D31C4 /* Sources */ = {
			isa = PBXSourcesBuildPhase;
			buildActionMask = 2147483647;
			files = (
				5315D385229A3C5D007D31C4 /* ViewController.swift in Sources */,
				5315D383229A3C5D007D31C4 /* AppDelegate.swift in Sources */,
				5315D38B229A3C5D007D31C4 /* rumi.xcdatamodeld in Sources */,
			);
			runOnlyForDeploymentPostprocessing = 0;
		};
		5315D392229A3C5F007D31C4 /* Sources */ = {
			isa = PBXSourcesBuildPhase;
			buildActionMask = 2147483647;
			files = (
				5315D39B229A3C5F007D31C4 /* rumiTests.swift in Sources */,
			);
			runOnlyForDeploymentPostprocessing = 0;
		};
		5315D39D229A3C5F007D31C4 /* Sources */ = {
			isa = PBXSourcesBuildPhase;
			buildActionMask = 2147483647;
			files = (
				5315D3A6229A3C5F007D31C4 /* rumiUITests.swift in Sources */,
			);
			runOnlyForDeploymentPostprocessing = 0;
		};
/* End PBXSourcesBuildPhase section */

/* Begin PBXTargetDependency section */
		5315D398229A3C5F007D31C4 /* PBXTargetDependency */ = {
			isa = PBXTargetDependency;
			target = 5315D37E229A3C5D007D31C4 /* rumi */;
			targetProxy = 5315D397229A3C5F007D31C4 /* PBXContainerItemProxy */;
		};
		5315D3A3229A3C5F007D31C4 /* PBXTargetDependency */ = {
			isa = PBXTargetDependency;
			target = 5315D37E229A3C5D007D31C4 /* rumi */;
			targetProxy = 5315D3A2229A3C5F007D31C4 /* PBXContainerItemProxy */;
		};
/* End PBXTargetDependency section */

/* Begin PBXVariantGroup section */
		5315D386229A3C5D007D31C4 /* Main.storyboard */ = {
			isa = PBXVariantGroup;
			children = (
				5315D387229A3C5D007D31C4 /* Base */,
			);
			name = Main.storyboard;
			sourceTree = "<group>";
		};
		5315D38E229A3C5F007D31C4 /* LaunchScreen.storyboard */ = {
			isa = PBXVariantGroup;
			children = (
				5315D38F229A3C5F007D31C4 /* Base */,
			);
			name = LaunchScreen.storyboard;
			sourceTree = "<group>";
		};
/* End PBXVariantGroup section */

/* Begin XCBuildConfiguration section */
		5315D3A8229A3C5F007D31C4 /* Debug */ = {
			isa = XCBuildConfiguration;
			buildSettings = {
				ALWAYS_SEARCH_USER_PATHS = NO;
				CLANG_ANALYZER_NONNULL = YES;
				CLANG_ANALYZER_NUMBER_OBJECT_CONVERSION = YES_AGGRESSIVE;
				CLANG_CXX_LANGUAGE_STANDARD = "gnu++14";
				CLANG_CXX_LIBRARY = "libc++";
				CLANG_ENABLE_MODULES = YES;
				CLANG_ENABLE_OBJC_ARC = YES;
				CLANG_ENABLE_OBJC_WEAK = YES;
				CLANG_WARN_BLOCK_CAPTURE_AUTORELEASING = YES;
				CLANG_WARN_BOOL_CONVERSION = YES;
				CLANG_WARN_COMMA = YES;
				CLANG_WARN_CONSTANT_CONVERSION = YES;
				CLANG_WARN_DEPRECATED_OBJC_IMPLEMENTATIONS = YES;
				CLANG_WARN_DIRECT_OBJC_ISA_USAGE = YES_ERROR;
				CLANG_WARN_DOCUMENTATION_COMMENTS = YES;
				CLANG_WARN_EMPTY_BODY = YES;
				CLANG_WARN_ENUM_CONVERSION = YES;
				CLANG_WARN_INFINITE_RECURSION = YES;
				CLANG_WARN_INT_CONVERSION = YES;
				CLANG_WARN_NON_LITERAL_NULL_CONVERSION = YES;
				CLANG_WARN_OBJC_IMPLICIT_RETAIN_SELF = YES;
				CLANG_WARN_OBJC_LITERAL_CONVERSION = YES;
				CLANG_WARN_OBJC_ROOT_CLASS = YES_ERROR;
				CLANG_WARN_RANGE_LOOP_ANALYSIS = YES;
				CLANG_WARN_STRICT_PROTOTYPES = YES;
				CLANG_WARN_SUSPICIOUS_MOVE = YES;
				CLANG_WARN_UNGUARDED_AVAILABILITY = YES_AGGRESSIVE;
				CLANG_WARN_UNREACHABLE_CODE = YES;
				CLANG_WARN__DUPLICATE_METHOD_MATCH = YES;
				CODE_SIGN_IDENTITY = "iPhone Developer";
				COPY_PHASE_STRIP = NO;
				DEBUG_INFORMATION_FORMAT = dwarf;
				ENABLE_STRICT_OBJC_MSGSEND = YES;
				ENABLE_TESTABILITY = YES;
				GCC_C_LANGUAGE_STANDARD = gnu11;
				GCC_DYNAMIC_NO_PIC = NO;
				GCC_NO_COMMON_BLOCKS = YES;
				GCC_OPTIMIZATION_LEVEL = 0;
				GCC_PREPROCESSOR_DEFINITIONS = (
					"DEBUG=1",
					"$(inherited)",
				);
				GCC_WARN_64_TO_32_BIT_CONVERSION = YES;
				GCC_WARN_ABOUT_RETURN_TYPE = YES_ERROR;
				GCC_WARN_UNDECLARED_SELECTOR = YES;
				GCC_WARN_UNINITIALIZED_AUTOS = YES_AGGRESSIVE;
				GCC_WARN_UNUSED_FUNCTION = YES;
				GCC_WARN_UNUSED_VARIABLE = YES;
				IPHONEOS_DEPLOYMENT_TARGET = 12.0;
				MTL_ENABLE_DEBUG_INFO = INCLUDE_SOURCE;
				MTL_FAST_MATH = YES;
				ONLY_ACTIVE_ARCH = YES;
				SDKROOT = iphoneos;
				SWIFT_ACTIVE_COMPILATION_CONDITIONS = DEBUG;
				SWIFT_OPTIMIZATION_LEVEL = "-Onone";
			};
			name = Debug;
		};
		5315D3A9229A3C5F007D31C4 /* Release */ = {
			isa = XCBuildConfiguration;
			buildSettings = {
				ALWAYS_SEARCH_USER_PATHS = NO;
				CLANG_ANALYZER_NONNULL = YES;
				CLANG_ANALYZER_NUMBER_OBJECT_CONVERSION = YES_AGGRESSIVE;
				CLANG_CXX_LANGUAGE_STANDARD = "gnu++14";
				CLANG_CXX_LIBRARY = "libc++";
				CLANG_ENABLE_MODULES = YES;
				CLANG_ENABLE_OBJC_ARC = YES;
				CLANG_ENABLE_OBJC_WEAK = YES;
				CLANG_WARN_BLOCK_CAPTURE_AUTORELEASING = YES;
				CLANG_WARN_BOOL_CONVERSION = YES;
				CLANG_WARN_COMMA = YES;
				CLANG_WARN_CONSTANT_CONVERSION = YES;
				CLANG_WARN_DEPRECATED_OBJC_IMPLEMENTATIONS = YES;
				CLANG_WARN_DIRECT_OBJC_ISA_USAGE = YES_ERROR;
				CLANG_WARN_DOCUMENTATION_COMMENTS = YES;
				CLANG_WARN_EMPTY_BODY = YES;
				CLANG_WARN_ENUM_CONVERSION = YES;
				CLANG_WARN_INFINITE_RECURSION = YES;
				CLANG_WARN_INT_CONVERSION = YES;
				CLANG_WARN_NON_LITERAL_NULL_CONVERSION = YES;
				CLANG_WARN_OBJC_IMPLICIT_RETAIN_SELF = YES;
				CLANG_WARN_OBJC_LITERAL_CONVERSION = YES;
				CLANG_WARN_OBJC_ROOT_CLASS = YES_ERROR;
				CLANG_WARN_RANGE_LOOP_ANALYSIS = YES;
				CLANG_WARN_STRICT_PROTOTYPES = YES;
				CLANG_WARN_SUSPICIOUS_MOVE = YES;
				CLANG_WARN_UNGUARDED_AVAILABILITY = YES_AGGRESSIVE;
				CLANG_WARN_UNREACHABLE_CODE = YES;
				CLANG_WARN__DUPLICATE_METHOD_MATCH = YES;
				CODE_SIGN_IDENTITY = "iPhone Developer";
				COPY_PHASE_STRIP = NO;
				DEBUG_INFORMATION_FORMAT = "dwarf-with-dsym";
				ENABLE_NS_ASSERTIONS = NO;
				ENABLE_STRICT_OBJC_MSGSEND = YES;
				GCC_C_LANGUAGE_STANDARD = gnu11;
				GCC_NO_COMMON_BLOCKS = YES;
				GCC_WARN_64_TO_32_BIT_CONVERSION = YES;
				GCC_WARN_ABOUT_RETURN_TYPE = YES_ERROR;
				GCC_WARN_UNDECLARED_SELECTOR = YES;
				GCC_WARN_UNINITIALIZED_AUTOS = YES_AGGRESSIVE;
				GCC_WARN_UNUSED_FUNCTION = YES;
				GCC_WARN_UNUSED_VARIABLE = YES;
				IPHONEOS_DEPLOYMENT_TARGET = 12.0;
				MTL_ENABLE_DEBUG_INFO = NO;
				MTL_FAST_MATH = YES;
				SDKROOT = iphoneos;
				SWIFT_COMPILATION_MODE = wholemodule;
				SWIFT_OPTIMIZATION_LEVEL = "-O";
				VALIDATE_PRODUCT = YES;
			};
			name = Release;
		};
		5315D3AB229A3C5F007D31C4 /* Debug */ = {
			isa = XCBuildConfiguration;
			buildSettings = {
				ASSETCATALOG_COMPILER_APPICON_NAME = AppIcon;
				CODE_SIGN_STYLE = Automatic;
				INFOPLIST_FILE = rumi/Info.plist;
				LD_RUNPATH_SEARCH_PATHS = (
					"$(inherited)",
					"@executable_path/Frameworks",
				);
				PRODUCT_BUNDLE_IDENTIFIER = rafael.rumi;
				PRODUCT_NAME = "$(TARGET_NAME)";
				SWIFT_VERSION = 4.2;
				TARGETED_DEVICE_FAMILY = "1,2";
			};
			name = Debug;
		};
		5315D3AC229A3C5F007D31C4 /* Release */ = {
			isa = XCBuildConfiguration;
			buildSettings = {
				ASSETCATALOG_COMPILER_APPICON_NAME = AppIcon;
				CODE_SIGN_STYLE = Automatic;
				INFOPLIST_FILE = rumi/Info.plist;
				LD_RUNPATH_SEARCH_PATHS = (
					"$(inherited)",
					"@executable_path/Frameworks",
				);
				PRODUCT_BUNDLE_IDENTIFIER = rafael.rumi;
				PRODUCT_NAME = "$(TARGET_NAME)";
				SWIFT_VERSION = 4.2;
				TARGETED_DEVICE_FAMILY = "1,2";
			};
			name = Release;
		};
		5315D3AE229A3C5F007D31C4 /* Debug */ = {
			isa = XCBuildConfiguration;
			buildSettings = {
				ALWAYS_EMBED_SWIFT_STANDARD_LIBRARIES = YES;
				BUNDLE_LOADER = "$(TEST_HOST)";
				CODE_SIGN_STYLE = Automatic;
				INFOPLIST_FILE = rumiTests/Info.plist;
				LD_RUNPATH_SEARCH_PATHS = (
					"$(inherited)",
					"@executable_path/Frameworks",
					"@loader_path/Frameworks",
				);
				PRODUCT_BUNDLE_IDENTIFIER = rafael.rumiTests;
				PRODUCT_NAME = "$(TARGET_NAME)";
				SWIFT_VERSION = 4.2;
				TARGETED_DEVICE_FAMILY = "1,2";
				TEST_HOST = "$(BUILT_PRODUCTS_DIR)/rumi.app/rumi";
			};
			name = Debug;
		};
		5315D3AF229A3C5F007D31C4 /* Release */ = {
			isa = XCBuildConfiguration;
			buildSettings = {
				ALWAYS_EMBED_SWIFT_STANDARD_LIBRARIES = YES;
				BUNDLE_LOADER = "$(TEST_HOST)";
				CODE_SIGN_STYLE = Automatic;
				INFOPLIST_FILE = rumiTests/Info.plist;
				LD_RUNPATH_SEARCH_PATHS = (
					"$(inherited)",
					"@executable_path/Frameworks",
					"@loader_path/Frameworks",
				);
				PRODUCT_BUNDLE_IDENTIFIER = rafael.rumiTests;
				PRODUCT_NAME = "$(TARGET_NAME)";
				SWIFT_VERSION = 4.2;
				TARGETED_DEVICE_FAMILY = "1,2";
				TEST_HOST = "$(BUILT_PRODUCTS_DIR)/rumi.app/rumi";
			};
			name = Release;
		};
		5315D3B1229A3C5F007D31C4 /* Debug */ = {
			isa = XCBuildConfiguration;
			buildSettings = {
				ALWAYS_EMBED_SWIFT_STANDARD_LIBRARIES = YES;
				CODE_SIGN_STYLE = Automatic;
				INFOPLIST_FILE = rumiUITests/Info.plist;
				LD_RUNPATH_SEARCH_PATHS = (
					"$(inherited)",
					"@executable_path/Frameworks",
					"@loader_path/Frameworks",
				);
				PRODUCT_BUNDLE_IDENTIFIER = rafael.rumiUITests;
				PRODUCT_NAME = "$(TARGET_NAME)";
				SWIFT_VERSION = 4.2;
				TARGETED_DEVICE_FAMILY = "1,2";
				TEST_TARGET_NAME = rumi;
			};
			name = Debug;
		};
		5315D3B2229A3C5F007D31C4 /* Release */ = {
			isa = XCBuildConfiguration;
			buildSettings = {
				ALWAYS_EMBED_SWIFT_STANDARD_LIBRARIES = YES;
				CODE_SIGN_STYLE = Automatic;
				INFOPLIST_FILE = rumiUITests/Info.plist;
				LD_RUNPATH_SEARCH_PATHS = (
					"$(inherited)",
					"@executable_path/Frameworks",
					"@loader_path/Frameworks",
				);
				PRODUCT_BUNDLE_IDENTIFIER = rafael.rumiUITests;
				PRODUCT_NAME = "$(TARGET_NAME)";
				SWIFT_VERSION = 4.2;
				TARGETED_DEVICE_FAMILY = "1,2";
				TEST_TARGET_NAME = rumi;
			};
			name = Release;
		};
/* End XCBuildConfiguration section */

/* Begin XCConfigurationList section */
		5315D37A229A3C5D007D31C4 /* Build configuration list for PBXProject "rumi" */ = {
			isa = XCConfigurationList;
			buildConfigurations = (
				5315D3A8229A3C5F007D31C4 /* Debug */,
				5315D3A9229A3C5F007D31C4 /* Release */,
			);
			defaultConfigurationIsVisible = 0;
			defaultConfigurationName = Release;
		};
		5315D3AA229A3C5F007D31C4 /* Build configuration list for PBXNativeTarget "rumi" */ = {
			isa = XCConfigurationList;
			buildConfigurations = (
				5315D3AB229A3C5F007D31C4 /* Debug */,
				5315D3AC229A3C5F007D31C4 /* Release */,
			);
			defaultConfigurationIsVisible = 0;
			defaultConfigurationName = Release;
		};
		5315D3AD229A3C5F007D31C4 /* Build configuration list for PBXNativeTarget "rumiTests" */ = {
			isa = XCConfigurationList;
			buildConfigurations = (
				5315D3AE229A3C5F007D31C4 /* Debug */,
				5315D3AF229A3C5F007D31C4 /* Release */,
			);
			defaultConfigurationIsVisible = 0;
			defaultConfigurationName = Release;
		};
		5315D3B0229A3C5F007D31C4 /* Build configuration list for PBXNativeTarget "rumiUITests" */ = {
			isa = XCConfigurationList;
			buildConfigurations = (
				5315D3B1229A3C5F007D31C4 /* Debug */,
				5315D3B2229A3C5F007D31C4 /* Release */,
			);
			defaultConfigurationIsVisible = 0;
			defaultConfigurationName = Release;
		};
/* End XCConfigurationList section */

/* Begin XCVersionGroup section */
		5315D389229A3C5D007D31C4 /* rumi.xcdatamodeld */ = {
			isa = XCVersionGroup;
			children = (
				5315D38A229A3C5D007D31C4 /* rumi.xcdatamodel */,
			);
			currentVersion = 5315D38A229A3C5D007D31C4 /* rumi.xcdatamodel */;
			path = rumi.xcdatamodeld;
			sourceTree = "<group>";
			versionGroupType = wrapper.xcdatamodel;
		};
/* End XCVersionGroup section */
	};
	rootObject = 5315D377229A3C5D007D31C4 /* Project object */;
}
